// !$*UTF8*$!
{
	archiveVersion = 1;
	classes = {
	};
	objectVersion = 51;
	objects = {

/* Begin PBXBuildFile section */
		1F17316B230939EC00AFA3D6 /* AppDelegate.swift in Sources */ = {isa = PBXBuildFile; fileRef = 1F17316A230939EC00AFA3D6 /* AppDelegate.swift */; };
		1F173170230939EC00AFA3D6 /* Main.storyboard in Resources */ = {isa = PBXBuildFile; fileRef = 1F17316E230939EC00AFA3D6 /* Main.storyboard */; };
		1F173172230939EE00AFA3D6 /* Assets.xcassets in Resources */ = {isa = PBXBuildFile; fileRef = 1F173171230939EE00AFA3D6 /* Assets.xcassets */; };
		1F5B1B0A232FD99100E5CB71 /* NetworkTool.swift in Sources */ = {isa = PBXBuildFile; fileRef = 1F5B1B09232FD99100E5CB71 /* NetworkTool.swift */; };
		1F5B1B0D232FE4C300E5CB71 /* RecommendVM.swift in Sources */ = {isa = PBXBuildFile; fileRef = 1F5B1B0C232FE4C300E5CB71 /* RecommendVM.swift */; };
		1F5B1B0F232FE60F00E5CB71 /* NSDate-Extension.swift in Sources */ = {isa = PBXBuildFile; fileRef = 1F5B1B0E232FE60F00E5CB71 /* NSDate-Extension.swift */; };
		1F5B1B11233122CE00E5CB71 /* AnchorModel.swift in Sources */ = {isa = PBXBuildFile; fileRef = 1F5B1B10233122CE00E5CB71 /* AnchorModel.swift */; };
		1F5B1B132331246D00E5CB71 /* AnchorGroup.swift in Sources */ = {isa = PBXBuildFile; fileRef = 1F5B1B122331246D00E5CB71 /* AnchorGroup.swift */; };
		1F5B1B15233522C000E5CB71 /* CollectionBaseCell.swift in Sources */ = {isa = PBXBuildFile; fileRef = 1F5B1B14233522C000E5CB71 /* CollectionBaseCell.swift */; };
		1FA1A9C3237FF9FB00F2C701 /* CycleModel.swift in Sources */ = {isa = PBXBuildFile; fileRef = 1FA1A9C2237FF9FB00F2C701 /* CycleModel.swift */; };
		1FA1A9C6237FFEBB00F2C701 /* CollectionCycleCell.swift in Sources */ = {isa = PBXBuildFile; fileRef = 1FA1A9C4237FFEBB00F2C701 /* CollectionCycleCell.swift */; };
		1FA1A9C7237FFEBB00F2C701 /* CollectionCycleCell.xib in Resources */ = {isa = PBXBuildFile; fileRef = 1FA1A9C5237FFEBB00F2C701 /* CollectionCycleCell.xib */; };
		1FA1A9C92380457800F2C701 /* RecommendGameView.swift in Sources */ = {isa = PBXBuildFile; fileRef = 1FA1A9C82380457800F2C701 /* RecommendGameView.swift */; };
		1FA1A9CB2380458C00F2C701 /* RecommendGameView.xib in Resources */ = {isa = PBXBuildFile; fileRef = 1FA1A9CA2380458C00F2C701 /* RecommendGameView.xib */; };
		1FA1A9CE2380530A00F2C701 /* CollectionGameCell.swift in Sources */ = {isa = PBXBuildFile; fileRef = 1FA1A9CC2380530A00F2C701 /* CollectionGameCell.swift */; };
		1FA1A9CF2380530A00F2C701 /* CollectionGameCell.xib in Resources */ = {isa = PBXBuildFile; fileRef = 1FA1A9CD2380530A00F2C701 /* CollectionGameCell.xib */; };
		1FA860992316CFFB00984A58 /* CollectionPrettyCell.swift in Sources */ = {isa = PBXBuildFile; fileRef = 1FA860972316CFFB00984A58 /* CollectionPrettyCell.swift */; };
		1FA8609A2316CFFB00984A58 /* CollectionPrettyCell.xib in Resources */ = {isa = PBXBuildFile; fileRef = 1FA860982316CFFB00984A58 /* CollectionPrettyCell.xib */; };
		1FDC8B6A233A6564009B771D /* RecommendCycleView.swift in Sources */ = {isa = PBXBuildFile; fileRef = 1FDC8B69233A6564009B771D /* RecommendCycleView.swift */; };
		1FDC8B6C233A658E009B771D /* RecommendCycleView.xib in Resources */ = {isa = PBXBuildFile; fileRef = 1FDC8B6B233A658E009B771D /* RecommendCycleView.xib */; };
		1FE6A8542309992E00F26EBA /* Follow.storyboard in Resources */ = {isa = PBXBuildFile; fileRef = 1FE6A8502309992D00F26EBA /* Follow.storyboard */; };
		1FE6A8592309995500F26EBA /* Home.storyboard in Resources */ = {isa = PBXBuildFile; fileRef = 1FE6A8562309995500F26EBA /* Home.storyboard */; };
		1FE6A85E2309996D00F26EBA /* Live.storyboard in Resources */ = {isa = PBXBuildFile; fileRef = 1FE6A85C2309996D00F26EBA /* Live.storyboard */; };
		1FE6A8632309998300F26EBA /* MainViewController.swift in Sources */ = {isa = PBXBuildFile; fileRef = 1FE6A8622309998300F26EBA /* MainViewController.swift */; };
		1FE6A8682309999300F26EBA /* Profile.storyboard in Resources */ = {isa = PBXBuildFile; fileRef = 1FE6A8672309999300F26EBA /* Profile.storyboard */; };
		1FE6A86A23099A1800F26EBA /* HomeViewController.swift in Sources */ = {isa = PBXBuildFile; fileRef = 1FE6A86923099A1800F26EBA /* HomeViewController.swift */; };
		1FE6A86D2309A63200F26EBA /* UIBarButtonItem-Extension.swift in Sources */ = {isa = PBXBuildFile; fileRef = 1FE6A86C2309A63200F26EBA /* UIBarButtonItem-Extension.swift */; };
		1FE6A86F230AD9EB00F26EBA /* PageTitleView.swift in Sources */ = {isa = PBXBuildFile; fileRef = 1FE6A86E230AD9EB00F26EBA /* PageTitleView.swift */; };
		1FE6A871230ADD1700F26EBA /* CommonLayout.swift in Sources */ = {isa = PBXBuildFile; fileRef = 1FE6A870230ADD1700F26EBA /* CommonLayout.swift */; };
		1FE6A873230AF5DA00F26EBA /* PageContentView.swift in Sources */ = {isa = PBXBuildFile; fileRef = 1FE6A872230AF5DA00F26EBA /* PageContentView.swift */; };
		1FE6A875230AF9DD00F26EBA /* UIColor-Extension.swift in Sources */ = {isa = PBXBuildFile; fileRef = 1FE6A874230AF9DD00F26EBA /* UIColor-Extension.swift */; };
		1FE6A8A82312E80300F26EBA /* RecommendViewController.swift in Sources */ = {isa = PBXBuildFile; fileRef = 1FE6A8A72312E80300F26EBA /* RecommendViewController.swift */; };
		1FE6A8AB231439C500F26EBA /* CollectionHeaderView.swift in Sources */ = {isa = PBXBuildFile; fileRef = 1FE6A8A9231439C500F26EBA /* CollectionHeaderView.swift */; };
		1FE6A8AC231439C500F26EBA /* CollectionHeaderView.xib in Resources */ = {isa = PBXBuildFile; fileRef = 1FE6A8AA231439C500F26EBA /* CollectionHeaderView.xib */; };
		1FE6A8AF2315818300F26EBA /* CollectionNormalCell.swift in Sources */ = {isa = PBXBuildFile; fileRef = 1FE6A8AD2315818300F26EBA /* CollectionNormalCell.swift */; };
		1FE6A8B02315818300F26EBA /* CollectionNormalCell.xib in Resources */ = {isa = PBXBuildFile; fileRef = 1FE6A8AE2315818300F26EBA /* CollectionNormalCell.xib */; };
		4E7A25E19AE0DC6F562FFB31 /* Pods_DouYuZB.framework in Frameworks */ = {isa = PBXBuildFile; fileRef = 2EFE261D985CB703C8AE3D95 /* Pods_DouYuZB.framework */; };
/* End PBXBuildFile section */

/* Begin PBXFileReference section */
		1F173167230939EC00AFA3D6 /* DouYuZB.app */ = {isa = PBXFileReference; explicitFileType = wrapper.application; includeInIndex = 0; path = DouYuZB.app; sourceTree = BUILT_PRODUCTS_DIR; };
		1F17316A230939EC00AFA3D6 /* AppDelegate.swift */ = {isa = PBXFileReference; lastKnownFileType = sourcecode.swift; path = AppDelegate.swift; sourceTree = "<group>"; };
		1F17316F230939EC00AFA3D6 /* Base */ = {isa = PBXFileReference; lastKnownFileType = file.storyboard; name = Base; path = Base.lproj/Main.storyboard; sourceTree = "<group>"; };
		1F173171230939EE00AFA3D6 /* Assets.xcassets */ = {isa = PBXFileReference; lastKnownFileType = folder.assetcatalog; path = Assets.xcassets; sourceTree = "<group>"; };
		1F173176230939EE00AFA3D6 /* Info.plist */ = {isa = PBXFileReference; lastKnownFileType = text.plist.xml; path = Info.plist; sourceTree = "<group>"; };
		1F5B1B09232FD99100E5CB71 /* NetworkTool.swift */ = {isa = PBXFileReference; lastKnownFileType = sourcecode.swift; path = NetworkTool.swift; sourceTree = "<group>"; };
		1F5B1B0C232FE4C300E5CB71 /* RecommendVM.swift */ = {isa = PBXFileReference; lastKnownFileType = sourcecode.swift; path = RecommendVM.swift; sourceTree = "<group>"; };
		1F5B1B0E232FE60F00E5CB71 /* NSDate-Extension.swift */ = {isa = PBXFileReference; lastKnownFileType = sourcecode.swift; path = "NSDate-Extension.swift"; sourceTree = "<group>"; };
		1F5B1B10233122CE00E5CB71 /* AnchorModel.swift */ = {isa = PBXFileReference; lastKnownFileType = sourcecode.swift; path = AnchorModel.swift; sourceTree = "<group>"; };
		1F5B1B122331246D00E5CB71 /* AnchorGroup.swift */ = {isa = PBXFileReference; lastKnownFileType = sourcecode.swift; path = AnchorGroup.swift; sourceTree = "<group>"; };
		1F5B1B14233522C000E5CB71 /* CollectionBaseCell.swift */ = {isa = PBXFileReference; lastKnownFileType = sourcecode.swift; path = CollectionBaseCell.swift; sourceTree = "<group>"; };
		1FA1A9C2237FF9FB00F2C701 /* CycleModel.swift */ = {isa = PBXFileReference; lastKnownFileType = sourcecode.swift; path = CycleModel.swift; sourceTree = "<group>"; };
		1FA1A9C4237FFEBB00F2C701 /* CollectionCycleCell.swift */ = {isa = PBXFileReference; lastKnownFileType = sourcecode.swift; path = CollectionCycleCell.swift; sourceTree = "<group>"; };
		1FA1A9C5237FFEBB00F2C701 /* CollectionCycleCell.xib */ = {isa = PBXFileReference; lastKnownFileType = file.xib; path = CollectionCycleCell.xib; sourceTree = "<group>"; };
		1FA1A9C82380457800F2C701 /* RecommendGameView.swift */ = {isa = PBXFileReference; lastKnownFileType = sourcecode.swift; path = RecommendGameView.swift; sourceTree = "<group>"; };
		1FA1A9CA2380458C00F2C701 /* RecommendGameView.xib */ = {isa = PBXFileReference; lastKnownFileType = file.xib; path = RecommendGameView.xib; sourceTree = "<group>"; };
		1FA1A9CC2380530A00F2C701 /* CollectionGameCell.swift */ = {isa = PBXFileReference; lastKnownFileType = sourcecode.swift; path = CollectionGameCell.swift; sourceTree = "<group>"; };
		1FA1A9CD2380530A00F2C701 /* CollectionGameCell.xib */ = {isa = PBXFileReference; lastKnownFileType = file.xib; path = CollectionGameCell.xib; sourceTree = "<group>"; };
		1FA860972316CFFB00984A58 /* CollectionPrettyCell.swift */ = {isa = PBXFileReference; lastKnownFileType = sourcecode.swift; path = CollectionPrettyCell.swift; sourceTree = "<group>"; };
		1FA860982316CFFB00984A58 /* CollectionPrettyCell.xib */ = {isa = PBXFileReference; lastKnownFileType = file.xib; path = CollectionPrettyCell.xib; sourceTree = "<group>"; };
		1FDC8B69233A6564009B771D /* RecommendCycleView.swift */ = {isa = PBXFileReference; lastKnownFileType = sourcecode.swift; path = RecommendCycleView.swift; sourceTree = "<group>"; };
		1FDC8B6B233A658E009B771D /* RecommendCycleView.xib */ = {isa = PBXFileReference; lastKnownFileType = file.xib; path = RecommendCycleView.xib; sourceTree = "<group>"; };
		1FE6A8502309992D00F26EBA /* Follow.storyboard */ = {isa = PBXFileReference; fileEncoding = 4; lastKnownFileType = file.storyboard; path = Follow.storyboard; sourceTree = "<group>"; };
		1FE6A8562309995500F26EBA /* Home.storyboard */ = {isa = PBXFileReference; fileEncoding = 4; lastKnownFileType = file.storyboard; path = Home.storyboard; sourceTree = "<group>"; };
		1FE6A85C2309996D00F26EBA /* Live.storyboard */ = {isa = PBXFileReference; fileEncoding = 4; lastKnownFileType = file.storyboard; path = Live.storyboard; sourceTree = "<group>"; };
		1FE6A8622309998300F26EBA /* MainViewController.swift */ = {isa = PBXFileReference; fileEncoding = 4; lastKnownFileType = sourcecode.swift; path = MainViewController.swift; sourceTree = "<group>"; };
		1FE6A8672309999300F26EBA /* Profile.storyboard */ = {isa = PBXFileReference; fileEncoding = 4; lastKnownFileType = file.storyboard; path = Profile.storyboard; sourceTree = "<group>"; };
		1FE6A86923099A1800F26EBA /* HomeViewController.swift */ = {isa = PBXFileReference; lastKnownFileType = sourcecode.swift; path = HomeViewController.swift; sourceTree = "<group>"; };
		1FE6A86C2309A63200F26EBA /* UIBarButtonItem-Extension.swift */ = {isa = PBXFileReference; lastKnownFileType = sourcecode.swift; path = "UIBarButtonItem-Extension.swift"; sourceTree = "<group>"; };
		1FE6A86E230AD9EB00F26EBA /* PageTitleView.swift */ = {isa = PBXFileReference; lastKnownFileType = sourcecode.swift; path = PageTitleView.swift; sourceTree = "<group>"; };
		1FE6A870230ADD1700F26EBA /* CommonLayout.swift */ = {isa = PBXFileReference; lastKnownFileType = sourcecode.swift; path = CommonLayout.swift; sourceTree = "<group>"; };
		1FE6A872230AF5DA00F26EBA /* PageContentView.swift */ = {isa = PBXFileReference; lastKnownFileType = sourcecode.swift; path = PageContentView.swift; sourceTree = "<group>"; };
		1FE6A874230AF9DD00F26EBA /* UIColor-Extension.swift */ = {isa = PBXFileReference; lastKnownFileType = sourcecode.swift; path = "UIColor-Extension.swift"; sourceTree = "<group>"; };
		1FE6A8A72312E80300F26EBA /* RecommendViewController.swift */ = {isa = PBXFileReference; lastKnownFileType = sourcecode.swift; path = RecommendViewController.swift; sourceTree = "<group>"; };
		1FE6A8A9231439C500F26EBA /* CollectionHeaderView.swift */ = {isa = PBXFileReference; lastKnownFileType = sourcecode.swift; path = CollectionHeaderView.swift; sourceTree = "<group>"; };
		1FE6A8AA231439C500F26EBA /* CollectionHeaderView.xib */ = {isa = PBXFileReference; lastKnownFileType = file.xib; path = CollectionHeaderView.xib; sourceTree = "<group>"; };
		1FE6A8AD2315818300F26EBA /* CollectionNormalCell.swift */ = {isa = PBXFileReference; lastKnownFileType = sourcecode.swift; path = CollectionNormalCell.swift; sourceTree = "<group>"; };
		1FE6A8AE2315818300F26EBA /* CollectionNormalCell.xib */ = {isa = PBXFileReference; lastKnownFileType = file.xib; path = CollectionNormalCell.xib; sourceTree = "<group>"; };
		2EFE261D985CB703C8AE3D95 /* Pods_DouYuZB.framework */ = {isa = PBXFileReference; explicitFileType = wrapper.framework; includeInIndex = 0; path = Pods_DouYuZB.framework; sourceTree = BUILT_PRODUCTS_DIR; };
		C598B096EC74624CF0CE0E06 /* Pods-DouYuZB.debug.xcconfig */ = {isa = PBXFileReference; includeInIndex = 1; lastKnownFileType = text.xcconfig; name = "Pods-DouYuZB.debug.xcconfig"; path = "Target Support Files/Pods-DouYuZB/Pods-DouYuZB.debug.xcconfig"; sourceTree = "<group>"; };
		DA2572E26B9B05091529251C /* Pods-DouYuZB.release.xcconfig */ = {isa = PBXFileReference; includeInIndex = 1; lastKnownFileType = text.xcconfig; name = "Pods-DouYuZB.release.xcconfig"; path = "Target Support Files/Pods-DouYuZB/Pods-DouYuZB.release.xcconfig"; sourceTree = "<group>"; };
/* End PBXFileReference section */

/* Begin PBXFrameworksBuildPhase section */
		1F173164230939EC00AFA3D6 /* Frameworks */ = {
			isa = PBXFrameworksBuildPhase;
			buildActionMask = 2147483647;
			files = (
				4E7A25E19AE0DC6F562FFB31 /* Pods_DouYuZB.framework in Frameworks */,
			);
			runOnlyForDeploymentPostprocessing = 0;
		};
/* End PBXFrameworksBuildPhase section */

/* Begin PBXGroup section */
		1F17315E230939EC00AFA3D6 = {
			isa = PBXGroup;
			children = (
				1F173169230939EC00AFA3D6 /* DouYuZB */,
				1F173168230939EC00AFA3D6 /* Products */,
				4E9DFCC6ACA1BA7F4779C688 /* Pods */,
				5A2F51A72481B6D6313DBD1B /* Frameworks */,
			);
			sourceTree = "<group>";
		};
		1F173168230939EC00AFA3D6 /* Products */ = {
			isa = PBXGroup;
			children = (
				1F173167230939EC00AFA3D6 /* DouYuZB.app */,
			);
			name = Products;
			sourceTree = "<group>";
		};
		1F173169230939EC00AFA3D6 /* DouYuZB */ = {
			isa = PBXGroup;
			children = (
				1F17317C2309594100AFA3D6 /* Classes */,
				1F17316A230939EC00AFA3D6 /* AppDelegate.swift */,
				1F173171230939EE00AFA3D6 /* Assets.xcassets */,
				1F173176230939EE00AFA3D6 /* Info.plist */,
			);
			path = DouYuZB;
			sourceTree = "<group>";
		};
		1F17317C2309594100AFA3D6 /* Classes */ = {
			isa = PBXGroup;
			children = (
				1F1731822309594100AFA3D6 /* Main */,
				1F17317D2309594100AFA3D6 /* Home */,
				1F1731812309594100AFA3D6 /* Live */,
				1F17317F2309594100AFA3D6 /* Follow */,
				1F1731802309594100AFA3D6 /* Profile */,
				1F17317E2309594100AFA3D6 /* Tools */,
			);
			path = Classes;
			sourceTree = "<group>";
		};
		1F17317D2309594100AFA3D6 /* Home */ = {
			isa = PBXGroup;
			children = (
				1F5B1B0B232FE4AD00E5CB71 /* ViewModel */,
				1FE6A8552309995500F26EBA /* Controller */,
				1FE6A8572309995500F26EBA /* Model */,
				1FE6A8582309995500F26EBA /* View */,
			);
			path = Home;
			sourceTree = "<group>";
		};
		1F17317E2309594100AFA3D6 /* Tools */ = {
			isa = PBXGroup;
			children = (
				1FE6A86B2309A60D00F26EBA /* Extension */,
				1FE6A870230ADD1700F26EBA /* CommonLayout.swift */,
				1F5B1B09232FD99100E5CB71 /* NetworkTool.swift */,
			);
			path = Tools;
			sourceTree = "<group>";
		};
		1F17317F2309594100AFA3D6 /* Follow */ = {
			isa = PBXGroup;
			children = (
				1FE6A84F2309992D00F26EBA /* Controller */,
				1FE6A8512309992E00F26EBA /* Model */,
				1FE6A8522309992E00F26EBA /* View */,
			);
			path = Follow;
			sourceTree = "<group>";
		};
		1F1731802309594100AFA3D6 /* Profile */ = {
			isa = PBXGroup;
			children = (
				1FE6A8662309999300F26EBA /* Controller */,
				1FE6A8642309999300F26EBA /* Model */,
				1FE6A8652309999300F26EBA /* View */,
			);
			path = Profile;
			sourceTree = "<group>";
		};
		1F1731812309594100AFA3D6 /* Live */ = {
			isa = PBXGroup;
			children = (
				1FE6A85B2309996D00F26EBA /* Controller */,
				1FE6A85A2309996D00F26EBA /* Model */,
				1FE6A85D2309996D00F26EBA /* View */,
			);
			path = Live;
			sourceTree = "<group>";
		};
		1F1731822309594100AFA3D6 /* Main */ = {
			isa = PBXGroup;
			children = (
				1FE6A8612309998300F26EBA /* Controller */,
				1FE6A8602309998300F26EBA /* Model */,
				1FE6A85F2309998300F26EBA /* View */,
			);
			path = Main;
			sourceTree = "<group>";
		};
		1F5B1B0B232FE4AD00E5CB71 /* ViewModel */ = {
			isa = PBXGroup;
			children = (
				1F5B1B0C232FE4C300E5CB71 /* RecommendVM.swift */,
			);
			path = ViewModel;
			sourceTree = "<group>";
		};
		1FE6A84F2309992D00F26EBA /* Controller */ = {
			isa = PBXGroup;
			children = (
				1FE6A8502309992D00F26EBA /* Follow.storyboard */,
			);
			path = Controller;
			sourceTree = "<group>";
		};
		1FE6A8512309992E00F26EBA /* Model */ = {
			isa = PBXGroup;
			children = (
			);
			path = Model;
			sourceTree = "<group>";
		};
		1FE6A8522309992E00F26EBA /* View */ = {
			isa = PBXGroup;
			children = (
			);
			path = View;
			sourceTree = "<group>";
		};
		1FE6A8552309995500F26EBA /* Controller */ = {
			isa = PBXGroup;
			children = (
				1FE6A8562309995500F26EBA /* Home.storyboard */,
				1FE6A86923099A1800F26EBA /* HomeViewController.swift */,
				1FE6A8A72312E80300F26EBA /* RecommendViewController.swift */,
			);
			path = Controller;
			sourceTree = "<group>";
		};
		1FE6A8572309995500F26EBA /* Model */ = {
			isa = PBXGroup;
			children = (
				1FA1A9C2237FF9FB00F2C701 /* CycleModel.swift */,
			);
			path = Model;
			sourceTree = "<group>";
		};
		1FE6A8582309995500F26EBA /* View */ = {
			isa = PBXGroup;
			children = (
				1FE6A8A9231439C500F26EBA /* CollectionHeaderView.swift */,
				1FE6A8AA231439C500F26EBA /* CollectionHeaderView.xib */,
				1FDC8B69233A6564009B771D /* RecommendCycleView.swift */,
				1FDC8B6B233A658E009B771D /* RecommendCycleView.xib */,
				1FA1A9C4237FFEBB00F2C701 /* CollectionCycleCell.swift */,
				1FA1A9C5237FFEBB00F2C701 /* CollectionCycleCell.xib */,
				1FA1A9C82380457800F2C701 /* RecommendGameView.swift */,
				1FA1A9CA2380458C00F2C701 /* RecommendGameView.xib */,
				1FA1A9CC2380530A00F2C701 /* CollectionGameCell.swift */,
				1FA1A9CD2380530A00F2C701 /* CollectionGameCell.xib */,
			);
			path = View;
			sourceTree = "<group>";
		};
		1FE6A85A2309996D00F26EBA /* Model */ = {
			isa = PBXGroup;
			children = (
			);
			path = Model;
			sourceTree = "<group>";
		};
		1FE6A85B2309996D00F26EBA /* Controller */ = {
			isa = PBXGroup;
			children = (
				1FE6A85C2309996D00F26EBA /* Live.storyboard */,
			);
			path = Controller;
			sourceTree = "<group>";
		};
		1FE6A85D2309996D00F26EBA /* View */ = {
			isa = PBXGroup;
			children = (
			);
			path = View;
			sourceTree = "<group>";
		};
		1FE6A85F2309998300F26EBA /* View */ = {
			isa = PBXGroup;
			children = (
				1FE6A86E230AD9EB00F26EBA /* PageTitleView.swift */,
				1FE6A872230AF5DA00F26EBA /* PageContentView.swift */,
				1FE6A8AD2315818300F26EBA /* CollectionNormalCell.swift */,
				1FE6A8AE2315818300F26EBA /* CollectionNormalCell.xib */,
				1FA860972316CFFB00984A58 /* CollectionPrettyCell.swift */,
				1FA860982316CFFB00984A58 /* CollectionPrettyCell.xib */,
				1F5B1B14233522C000E5CB71 /* CollectionBaseCell.swift */,
			);
			path = View;
			sourceTree = "<group>";
		};
		1FE6A8602309998300F26EBA /* Model */ = {
			isa = PBXGroup;
			children = (
				1F5B1B10233122CE00E5CB71 /* AnchorModel.swift */,
				1F5B1B122331246D00E5CB71 /* AnchorGroup.swift */,
			);
			path = Model;
			sourceTree = "<group>";
		};
		1FE6A8612309998300F26EBA /* Controller */ = {
			isa = PBXGroup;
			children = (
				1F17316E230939EC00AFA3D6 /* Main.storyboard */,
				1FE6A8622309998300F26EBA /* MainViewController.swift */,
			);
			path = Controller;
			sourceTree = "<group>";
		};
		1FE6A8642309999300F26EBA /* Model */ = {
			isa = PBXGroup;
			children = (
			);
			path = Model;
			sourceTree = "<group>";
		};
		1FE6A8652309999300F26EBA /* View */ = {
			isa = PBXGroup;
			children = (
			);
			path = View;
			sourceTree = "<group>";
		};
		1FE6A8662309999300F26EBA /* Controller */ = {
			isa = PBXGroup;
			children = (
				1FE6A8672309999300F26EBA /* Profile.storyboard */,
			);
			path = Controller;
			sourceTree = "<group>";
		};
		1FE6A86B2309A60D00F26EBA /* Extension */ = {
			isa = PBXGroup;
			children = (
				1FE6A86C2309A63200F26EBA /* UIBarButtonItem-Extension.swift */,
				1FE6A874230AF9DD00F26EBA /* UIColor-Extension.swift */,
				1F5B1B0E232FE60F00E5CB71 /* NSDate-Extension.swift */,
			);
			path = Extension;
			sourceTree = "<group>";
		};
		4E9DFCC6ACA1BA7F4779C688 /* Pods */ = {
			isa = PBXGroup;
			children = (
				C598B096EC74624CF0CE0E06 /* Pods-DouYuZB.debug.xcconfig */,
				DA2572E26B9B05091529251C /* Pods-DouYuZB.release.xcconfig */,
			);
			path = Pods;
			sourceTree = "<group>";
		};
		5A2F51A72481B6D6313DBD1B /* Frameworks */ = {
			isa = PBXGroup;
			children = (
				2EFE261D985CB703C8AE3D95 /* Pods_DouYuZB.framework */,
			);
			name = Frameworks;
			sourceTree = "<group>";
		};
/* End PBXGroup section */

/* Begin PBXNativeTarget section */
		1F173166230939EC00AFA3D6 /* DouYuZB */ = {
			isa = PBXNativeTarget;
			buildConfigurationList = 1F173179230939EE00AFA3D6 /* Build configuration list for PBXNativeTarget "DouYuZB" */;
			buildPhases = (
				A30F9E2B60060D7DD863615C /* [CP] Check Pods Manifest.lock */,
				1F173163230939EC00AFA3D6 /* Sources */,
				1F173164230939EC00AFA3D6 /* Frameworks */,
				1F173165230939EC00AFA3D6 /* Resources */,
				8A0E89C4A308E6A667D540AB /* [CP] Embed Pods Frameworks */,
			);
			buildRules = (
			);
			dependencies = (
			);
			name = DouYuZB;
			productName = DouYuZB;
			productReference = 1F173167230939EC00AFA3D6 /* DouYuZB.app */;
			productType = "com.apple.product-type.application";
		};
/* End PBXNativeTarget section */

/* Begin PBXProject section */
		1F17315F230939EC00AFA3D6 /* Project object */ = {
			isa = PBXProject;
			attributes = {
				LastSwiftUpdateCheck = 1020;
				LastUpgradeCheck = 1020;
				ORGANIZATIONNAME = zpit;
				TargetAttributes = {
					1F173166230939EC00AFA3D6 = {
						CreatedOnToolsVersion = 10.2.1;
					};
				};
			};
			buildConfigurationList = 1F173162230939EC00AFA3D6 /* Build configuration list for PBXProject "DouYuZB" */;
			compatibilityVersion = "Xcode 9.3";
			developmentRegion = en;
			hasScannedForEncodings = 0;
			knownRegions = (
				en,
				Base,
			);
			mainGroup = 1F17315E230939EC00AFA3D6;
			productRefGroup = 1F173168230939EC00AFA3D6 /* Products */;
			projectDirPath = "";
			projectRoot = "";
			targets = (
				1F173166230939EC00AFA3D6 /* DouYuZB */,
			);
		};
/* End PBXProject section */

/* Begin PBXResourcesBuildPhase section */
		1F173165230939EC00AFA3D6 /* Resources */ = {
			isa = PBXResourcesBuildPhase;
			buildActionMask = 2147483647;
			files = (
				1FDC8B6C233A658E009B771D /* RecommendCycleView.xib in Resources */,
				1FE6A8592309995500F26EBA /* Home.storyboard in Resources */,
				1FE6A8682309999300F26EBA /* Profile.storyboard in Resources */,
				1F173172230939EE00AFA3D6 /* Assets.xcassets in Resources */,
				1FA1A9C7237FFEBB00F2C701 /* CollectionCycleCell.xib in Resources */,
				1FA1A9CF2380530A00F2C701 /* CollectionGameCell.xib in Resources */,
				1FA1A9CB2380458C00F2C701 /* RecommendGameView.xib in Resources */,
				1FE6A8AC231439C500F26EBA /* CollectionHeaderView.xib in Resources */,
				1FE6A8542309992E00F26EBA /* Follow.storyboard in Resources */,
				1F173170230939EC00AFA3D6 /* Main.storyboard in Resources */,
				1FE6A8B02315818300F26EBA /* CollectionNormalCell.xib in Resources */,
				1FA8609A2316CFFB00984A58 /* CollectionPrettyCell.xib in Resources */,
				1FE6A85E2309996D00F26EBA /* Live.storyboard in Resources */,
			);
			runOnlyForDeploymentPostprocessing = 0;
		};
/* End PBXResourcesBuildPhase section */

/* Begin PBXShellScriptBuildPhase section */
		8A0E89C4A308E6A667D540AB /* [CP] Embed Pods Frameworks */ = {
			isa = PBXShellScriptBuildPhase;
			buildActionMask = 2147483647;
			files = (
			);
			inputFileListPaths = (
				"${PODS_ROOT}/Target Support Files/Pods-DouYuZB/Pods-DouYuZB-frameworks-${CONFIGURATION}-input-files.xcfilelist",
			);
			name = "[CP] Embed Pods Frameworks";
			outputFileListPaths = (
				"${PODS_ROOT}/Target Support Files/Pods-DouYuZB/Pods-DouYuZB-frameworks-${CONFIGURATION}-output-files.xcfilelist",
			);
			runOnlyForDeploymentPostprocessing = 0;
			shellPath = /bin/sh;
			shellScript = "\"${PODS_ROOT}/Target Support Files/Pods-DouYuZB/Pods-DouYuZB-frameworks.sh\"\n";
			showEnvVarsInLog = 0;
		};
		A30F9E2B60060D7DD863615C /* [CP] Check Pods Manifest.lock */ = {
			isa = PBXShellScriptBuildPhase;
			buildActionMask = 2147483647;
			files = (
			);
			inputFileListPaths = (
			);
			inputPaths = (
				"${PODS_PODFILE_DIR_PATH}/Podfile.lock",
				"${PODS_ROOT}/Manifest.lock",
			);
			name = "[CP] Check Pods Manifest.lock";
			outputFileListPaths = (
			);
			outputPaths = (
				"$(DERIVED_FILE_DIR)/Pods-DouYuZB-checkManifestLockResult.txt",
			);
			runOnlyForDeploymentPostprocessing = 0;
			shellPath = /bin/sh;
			shellScript = "diff \"${PODS_PODFILE_DIR_PATH}/Podfile.lock\" \"${PODS_ROOT}/Manifest.lock\" > /dev/null\nif [ $? != 0 ] ; then\n    # print error to STDERR\n    echo \"error: The sandbox is not in sync with the Podfile.lock. Run 'pod install' or update your CocoaPods installation.\" >&2\n    exit 1\nfi\n# This output is used by Xcode 'outputs' to avoid re-running this script phase.\necho \"SUCCESS\" > \"${SCRIPT_OUTPUT_FILE_0}\"\n";
			showEnvVarsInLog = 0;
		};
/* End PBXShellScriptBuildPhase section */

/* Begin PBXSourcesBuildPhase section */
		1F173163230939EC00AFA3D6 /* Sources */ = {
			isa = PBXSourcesBuildPhase;
			buildActionMask = 2147483647;
			files = (
				1FDC8B6A233A6564009B771D /* RecommendCycleView.swift in Sources */,
				1FE6A871230ADD1700F26EBA /* CommonLayout.swift in Sources */,
				1FE6A8AB231439C500F26EBA /* CollectionHeaderView.swift in Sources */,
				1FE6A875230AF9DD00F26EBA /* UIColor-Extension.swift in Sources */,
				1F5B1B0A232FD99100E5CB71 /* NetworkTool.swift in Sources */,
				1FE6A8A82312E80300F26EBA /* RecommendViewController.swift in Sources */,
				1F5B1B0D232FE4C300E5CB71 /* RecommendVM.swift in Sources */,
				1FE6A8632309998300F26EBA /* MainViewController.swift in Sources */,
				1FA1A9C6237FFEBB00F2C701 /* CollectionCycleCell.swift in Sources */,
				1FA1A9C3237FF9FB00F2C701 /* CycleModel.swift in Sources */,
				1F17316B230939EC00AFA3D6 /* AppDelegate.swift in Sources */,
				1F5B1B11233122CE00E5CB71 /* AnchorModel.swift in Sources */,
				1F5B1B132331246D00E5CB71 /* AnchorGroup.swift in Sources */,
				1FA1A9C92380457800F2C701 /* RecommendGameView.swift in Sources */,
				1FE6A873230AF5DA00F26EBA /* PageContentView.swift in Sources */,
				1FE6A86F230AD9EB00F26EBA /* PageTitleView.swift in Sources */,
				1F5B1B15233522C000E5CB71 /* CollectionBaseCell.swift in Sources */,
				1F5B1B0F232FE60F00E5CB71 /* NSDate-Extension.swift in Sources */,
				1FA1A9CE2380530A00F2C701 /* CollectionGameCell.swift in Sources */,
				1FE6A86D2309A63200F26EBA /* UIBarButtonItem-Extension.swift in Sources */,
				1FA860992316CFFB00984A58 /* CollectionPrettyCell.swift in Sources */,
				1FE6A8AF2315818300F26EBA /* CollectionNormalCell.swift in Sources */,
				1FE6A86A23099A1800F26EBA /* HomeViewController.swift in Sources */,
			);
			runOnlyForDeploymentPostprocessing = 0;
		};
/* End PBXSourcesBuildPhase section */

/* Begin PBXVariantGroup section */
		1F17316E230939EC00AFA3D6 /* Main.storyboard */ = {
			isa = PBXVariantGroup;
			children = (
				1F17316F230939EC00AFA3D6 /* Base */,
			);
			name = Main.storyboard;
			sourceTree = "<group>";
		};
/* End PBXVariantGroup section */

/* Begin XCBuildConfiguration section */
		1F173177230939EE00AFA3D6 /* Debug */ = {
			isa = XCBuildConfiguration;
			buildSettings = {
				ALWAYS_SEARCH_USER_PATHS = NO;
				CLANG_ANALYZER_NONNULL = YES;
				CLANG_ANALYZER_NUMBER_OBJECT_CONVERSION = YES_AGGRESSIVE;
				CLANG_CXX_LANGUAGE_STANDARD = "gnu++14";
				CLANG_CXX_LIBRARY = "libc++";
				CLANG_ENABLE_MODULES = YES;
				CLANG_ENABLE_OBJC_ARC = YES;
				CLANG_ENABLE_OBJC_WEAK = YES;
				CLANG_WARN_BLOCK_CAPTURE_AUTORELEASING = YES;
				CLANG_WARN_BOOL_CONVERSION = YES;
				CLANG_WARN_COMMA = YES;
				CLANG_WARN_CONSTANT_CONVERSION = YES;
				CLANG_WARN_DEPRECATED_OBJC_IMPLEMENTATIONS = YES;
				CLANG_WARN_DIRECT_OBJC_ISA_USAGE = YES_ERROR;
				CLANG_WARN_DOCUMENTATION_COMMENTS = YES;
				CLANG_WARN_EMPTY_BODY = YES;
				CLANG_WARN_ENUM_CONVERSION = YES;
				CLANG_WARN_INFINITE_RECURSION = YES;
				CLANG_WARN_INT_CONVERSION = YES;
				CLANG_WARN_NON_LITERAL_NULL_CONVERSION = YES;
				CLANG_WARN_OBJC_IMPLICIT_RETAIN_SELF = YES;
				CLANG_WARN_OBJC_LITERAL_CONVERSION = YES;
				CLANG_WARN_OBJC_ROOT_CLASS = YES_ERROR;
				CLANG_WARN_RANGE_LOOP_ANALYSIS = YES;
				CLANG_WARN_STRICT_PROTOTYPES = YES;
				CLANG_WARN_SUSPICIOUS_MOVE = YES;
				CLANG_WARN_UNGUARDED_AVAILABILITY = YES_AGGRESSIVE;
				CLANG_WARN_UNREACHABLE_CODE = YES;
				CLANG_WARN__DUPLICATE_METHOD_MATCH = YES;
				CODE_SIGN_IDENTITY = "iPhone Developer";
				COPY_PHASE_STRIP = NO;
				DEBUG_INFORMATION_FORMAT = dwarf;
				ENABLE_STRICT_OBJC_MSGSEND = YES;
				ENABLE_TESTABILITY = YES;
				GCC_C_LANGUAGE_STANDARD = gnu11;
				GCC_DYNAMIC_NO_PIC = NO;
				GCC_NO_COMMON_BLOCKS = YES;
				GCC_OPTIMIZATION_LEVEL = 0;
				GCC_PREPROCESSOR_DEFINITIONS = (
					"DEBUG=1",
					"$(inherited)",
				);
				GCC_WARN_64_TO_32_BIT_CONVERSION = YES;
				GCC_WARN_ABOUT_RETURN_TYPE = YES_ERROR;
				GCC_WARN_UNDECLARED_SELECTOR = YES;
				GCC_WARN_UNINITIALIZED_AUTOS = YES_AGGRESSIVE;
				GCC_WARN_UNUSED_FUNCTION = YES;
				GCC_WARN_UNUSED_VARIABLE = YES;
				IPHONEOS_DEPLOYMENT_TARGET = 9.0;
				MTL_ENABLE_DEBUG_INFO = INCLUDE_SOURCE;
				MTL_FAST_MATH = YES;
				ONLY_ACTIVE_ARCH = YES;
				SDKROOT = iphoneos;
				SWIFT_ACTIVE_COMPILATION_CONDITIONS = DEBUG;
				SWIFT_OPTIMIZATION_LEVEL = "-Onone";
			};
			name = Debug;
		};
		1F173178230939EE00AFA3D6 /* Release */ = {
			isa = XCBuildConfiguration;
			buildSettings = {
				ALWAYS_SEARCH_USER_PATHS = NO;
				CLANG_ANALYZER_NONNULL = YES;
				CLANG_ANALYZER_NUMBER_OBJECT_CONVERSION = YES_AGGRESSIVE;
				CLANG_CXX_LANGUAGE_STANDARD = "gnu++14";
				CLANG_CXX_LIBRARY = "libc++";
				CLANG_ENABLE_MODULES = YES;
				CLANG_ENABLE_OBJC_ARC = YES;
				CLANG_ENABLE_OBJC_WEAK = YES;
				CLANG_WARN_BLOCK_CAPTURE_AUTORELEASING = YES;
				CLANG_WARN_BOOL_CONVERSION = YES;
				CLANG_WARN_COMMA = YES;
				CLANG_WARN_CONSTANT_CONVERSION = YES;
				CLANG_WARN_DEPRECATED_OBJC_IMPLEMENTATIONS = YES;
				CLANG_WARN_DIRECT_OBJC_ISA_USAGE = YES_ERROR;
				CLANG_WARN_DOCUMENTATION_COMMENTS = YES;
				CLANG_WARN_EMPTY_BODY = YES;
				CLANG_WARN_ENUM_CONVERSION = YES;
				CLANG_WARN_INFINITE_RECURSION = YES;
				CLANG_WARN_INT_CONVERSION = YES;
				CLANG_WARN_NON_LITERAL_NULL_CONVERSION = YES;
				CLANG_WARN_OBJC_IMPLICIT_RETAIN_SELF = YES;
				CLANG_WARN_OBJC_LITERAL_CONVERSION = YES;
				CLANG_WARN_OBJC_ROOT_CLASS = YES_ERROR;
				CLANG_WARN_RANGE_LOOP_ANALYSIS = YES;
				CLANG_WARN_STRICT_PROTOTYPES = YES;
				CLANG_WARN_SUSPICIOUS_MOVE = YES;
				CLANG_WARN_UNGUARDED_AVAILABILITY = YES_AGGRESSIVE;
				CLANG_WARN_UNREACHABLE_CODE = YES;
				CLANG_WARN__DUPLICATE_METHOD_MATCH = YES;
				CODE_SIGN_IDENTITY = "iPhone Developer";
				COPY_PHASE_STRIP = NO;
				DEBUG_INFORMATION_FORMAT = "dwarf-with-dsym";
				ENABLE_NS_ASSERTIONS = NO;
				ENABLE_STRICT_OBJC_MSGSEND = YES;
				GCC_C_LANGUAGE_STANDARD = gnu11;
				GCC_NO_COMMON_BLOCKS = YES;
				GCC_WARN_64_TO_32_BIT_CONVERSION = YES;
				GCC_WARN_ABOUT_RETURN_TYPE = YES_ERROR;
				GCC_WARN_UNDECLARED_SELECTOR = YES;
				GCC_WARN_UNINITIALIZED_AUTOS = YES_AGGRESSIVE;
				GCC_WARN_UNUSED_FUNCTION = YES;
				GCC_WARN_UNUSED_VARIABLE = YES;
				IPHONEOS_DEPLOYMENT_TARGET = 9.0;
				MTL_ENABLE_DEBUG_INFO = NO;
				MTL_FAST_MATH = YES;
				SDKROOT = iphoneos;
				SWIFT_COMPILATION_MODE = wholemodule;
				SWIFT_OPTIMIZATION_LEVEL = "-O";
				VALIDATE_PRODUCT = YES;
			};
			name = Release;
		};
		1F17317A230939EE00AFA3D6 /* Debug */ = {
			isa = XCBuildConfiguration;
			baseConfigurationReference = C598B096EC74624CF0CE0E06 /* Pods-DouYuZB.debug.xcconfig */;
			buildSettings = {
				ASSETCATALOG_COMPILER_APPICON_NAME = AppIcon;
				ASSETCATALOG_COMPILER_LAUNCHIMAGE_NAME = LaunchImage;
				CODE_SIGN_STYLE = Manual;
				DEVELOPMENT_TEAM = "";
				INFOPLIST_FILE = DouYuZB/Info.plist;
				IPHONEOS_DEPLOYMENT_TARGET = 9.0;
				LD_RUNPATH_SEARCH_PATHS = (
					"$(inherited)",
					"@executable_path/Frameworks",
				);
				PRODUCT_BUNDLE_IDENTIFIER = com.zpit.DouYuZB;
				PRODUCT_NAME = "$(TARGET_NAME)";
				PROVISIONING_PROFILE_SPECIFIER = "";
				SWIFT_VERSION = 5.0;
				TARGETED_DEVICE_FAMILY = 1;
			};
			name = Debug;
		};
		1F17317B230939EE00AFA3D6 /* Release */ = {
			isa = XCBuildConfiguration;
			baseConfigurationReference = DA2572E26B9B05091529251C /* Pods-DouYuZB.release.xcconfig */;
			buildSettings = {
				ASSETCATALOG_COMPILER_APPICON_NAME = AppIcon;
				ASSETCATALOG_COMPILER_LAUNCHIMAGE_NAME = LaunchImage;
				CODE_SIGN_STYLE = Manual;
				DEVELOPMENT_TEAM = "";
				INFOPLIST_FILE = DouYuZB/Info.plist;
				IPHONEOS_DEPLOYMENT_TARGET = 9.0;
				LD_RUNPATH_SEARCH_PATHS = (
					"$(inherited)",
					"@executable_path/Frameworks",
				);
				PRODUCT_BUNDLE_IDENTIFIER = com.zpit.DouYuZB;
				PRODUCT_NAME = "$(TARGET_NAME)";
				PROVISIONING_PROFILE_SPECIFIER = "";
				SWIFT_VERSION = 5.0;
				TARGETED_DEVICE_FAMILY = 1;
			};
			name = Release;
		};
/* End XCBuildConfiguration section */

/* Begin XCConfigurationList section */
		1F173162230939EC00AFA3D6 /* Build configuration list for PBXProject "DouYuZB" */ = {
			isa = XCConfigurationList;
			buildConfigurations = (
				1F173177230939EE00AFA3D6 /* Debug */,
				1F173178230939EE00AFA3D6 /* Release */,
			);
			defaultConfigurationIsVisible = 0;
			defaultConfigurationName = Release;
		};
		1F173179230939EE00AFA3D6 /* Build configuration list for PBXNativeTarget "DouYuZB" */ = {
			isa = XCConfigurationList;
			buildConfigurations = (
				1F17317A230939EE00AFA3D6 /* Debug */,
				1F17317B230939EE00AFA3D6 /* Release */,
			);
			defaultConfigurationIsVisible = 0;
			defaultConfigurationName = Release;
		};
/* End XCConfigurationList section */
	};
	rootObject = 1F17315F230939EC00AFA3D6 /* Project object */;
}
